
Microsoft Visual Studio Solution File, Format Version 12.00
# Visual Studio Version 16
VisualStudioVersion = 16.0.30413.136
MinimumVisualStudioVersion = 10.0.40219.1
Project("{9A19103F-16F7-4668-BE54-9A1E7A4F7556}") = "HMS", "HMS.csproj", "{40DDC3E6-BF72-4C7A-B944-17BE21B08BA1}"
EndProject
Project("{FAE04EC0-301F-11D3-BF4B-00C04F79EFBC}") = "HMSTest", "..\HMSTest\HMSTest.csproj", "{57B93FAD-64FA-4C05-9494-83210C4F1C6C}"
EndProject
Global
	GlobalSection(SolutionConfigurationPlatforms) = preSolution
		Debug|Any CPU = Debug|Any CPU
		Release|Any CPU = Release|Any CPU
	EndGlobalSection
	GlobalSection(ProjectConfigurationPlatforms) = postSolution
		{40DDC3E6-BF72-4C7A-B944-17BE21B08BA1}.Debug|Any CPU.ActiveCfg = Debug|Any CPU
		{40DDC3E6-BF72-4C7A-B944-17BE21B08BA1}.Debug|Any CPU.Build.0 = Debug|Any CPU
		{40DDC3E6-BF72-4C7A-B944-17BE21B08BA1}.Release|Any CPU.ActiveCfg = Release|Any CPU
		{40DDC3E6-BF72-4C7A-B944-17BE21B08BA1}.Release|Any CPU.Build.0 = Release|Any CPU
		{57B93FAD-64FA-4C05-9494-83210C4F1C6C}.Debug|Any CPU.ActiveCfg = Debug|Any CPU
		{57B93FAD-64FA-4C05-9494-83210C4F1C6C}.Debug|Any CPU.Build.0 = Debug|Any CPU
		{57B93FAD-64FA-4C05-9494-83210C4F1C6C}.Release|Any CPU.ActiveCfg = Release|Any CPU
		{57B93FAD-64FA-4C05-9494-83210C4F1C6C}.Release|Any CPU.Build.0 = Release|Any CPU
	EndGlobalSection
	GlobalSection(SolutionProperties) = preSolution
		HideSolutionNode = FALSE
	EndGlobalSection
	GlobalSection(ExtensibilityGlobals) = postSolution
		SolutionGuid = {11D5F12A-A8EB-4512-95C6-D4214ACCAEF5}
	EndGlobalSection
EndGlobal
